
Microsoft Visual Studio Solution File, Format Version 12.00
Project("{FAE04EC0-301F-11D3-BF4B-00C04F79EFBC}") = "ebopenu20221a133.API", "ebopenu20221a133.API\ebopenu20221a133.API.csproj", "{F55586C1-EC0E-4B70-B61C-843DD2B1817B}"
EndProject
Global
	GlobalSection(SolutionConfigurationPlatforms) = preSolution
		Debug|Any CPU = Debug|Any CPU
		Release|Any CPU = Release|Any CPU
	EndGlobalSection
	GlobalSection(ProjectConfigurationPlatforms) = postSolution
		{F55586C1-EC0E-4B70-B61C-843DD2B1817B}.Debug|Any CPU.ActiveCfg = Debug|Any CPU
		{F55586C1-EC0E-4B70-B61C-843DD2B1817B}.Debug|Any CPU.Build.0 = Debug|Any CPU
		{F55586C1-EC0E-4B70-B61C-843DD2B1817B}.Release|Any CPU.ActiveCfg = Release|Any CPU
		{F55586C1-EC0E-4B70-B61C-843DD2B1817B}.Release|Any CPU.Build.0 = Release|Any CPU
	EndGlobalSection
EndGlobal
